{
  "requires": true,
  "lockfileVersion": 1,
  "dependencies": {
    "react-hook-form": {
      "version": "7.17.1",
      "resolved": "https://registry.npmjs.org/react-hook-form/-/react-hook-form-7.17.1.tgz",
      "integrity": "sha512-9nQ+qKFHFpnWzQHdDh6F4Egxa8iJkue1KU921F8qqeyUVbPPjgQZDXaQyNHABEYjRh0ndjTI24GDA+lwm2lQdg=="
    }
  }
}
